
Microsoft Visual Studio Solution File, Format Version 12.00
# Visual Studio Version 16
VisualStudioVersion = 16.0.31911.196
MinimumVisualStudioVersion = 10.0.40219.1
Project("{8BC9CEB8-8B4A-11D0-8D11-00A0C91BC942}") = "DllInjector", "DllInjector\DllInjector.vcxproj", "{2CC5AFBC-D248-436D-956B-64975999164C}"
	ProjectSection(ProjectDependencies) = postProject
		{99962B24-5150-4F52-AA4B-8ACB09E9EABA} = {99962B24-5150-4F52-AA4B-8ACB09E9EABA}
	EndProjectSection
EndProject
Project("{8BC9CEB8-8B4A-11D0-8D11-00A0C91BC942}") = "DebugDll", "DebugDll\DebugDll.vcxproj", "{99962B24-5150-4F52-AA4B-8ACB09E9EABA}"
EndProject
Global
	GlobalSection(SolutionConfigurationPlatforms) = preSolution
		Debug|x64 = Debug|x64
		Debug|x86 = Debug|x86
		Release|x64 = Release|x64
		Release|x86 = Release|x86
	EndGlobalSection
	GlobalSection(ProjectConfigurationPlatforms) = postSolution
		{2CC5AFBC-D248-436D-956B-64975999164C}.Debug|x64.ActiveCfg = Debug|x64
		{2CC5AFBC-D248-436D-956B-64975999164C}.Debug|x64.Build.0 = Debug|x64
		{2CC5AFBC-D248-436D-956B-64975999164C}.Debug|x86.ActiveCfg = Debug|Win32
		{2CC5AFBC-D248-436D-956B-64975999164C}.Debug|x86.Build.0 = Debug|Win32
		{2CC5AFBC-D248-436D-956B-64975999164C}.Release|x64.ActiveCfg = Release|x64
		{2CC5AFBC-D248-436D-956B-64975999164C}.Release|x64.Build.0 = Release|x64
		{2CC5AFBC-D248-436D-956B-64975999164C}.Release|x86.ActiveCfg = Release|Win32
		{2CC5AFBC-D248-436D-956B-64975999164C}.Release|x86.Build.0 = Release|Win32
		{99962B24-5150-4F52-AA4B-8ACB09E9EABA}.Debug|x64.ActiveCfg = Debug|x64
		{99962B24-5150-4F52-AA4B-8ACB09E9EABA}.Debug|x64.Build.0 = Debug|x64
		{99962B24-5150-4F52-AA4B-8ACB09E9EABA}.Debug|x86.ActiveCfg = Debug|Win32
		{99962B24-5150-4F52-AA4B-8ACB09E9EABA}.Debug|x86.Build.0 = Debug|Win32
		{99962B24-5150-4F52-AA4B-8ACB09E9EABA}.Release|x64.ActiveCfg = Release|x64
		{99962B24-5150-4F52-AA4B-8ACB09E9EABA}.Release|x64.Build.0 = Release|x64
		{99962B24-5150-4F52-AA4B-8ACB09E9EABA}.Release|x86.ActiveCfg = Release|Win32
		{99962B24-5150-4F52-AA4B-8ACB09E9EABA}.Release|x86.Build.0 = Release|Win32
	EndGlobalSection
	GlobalSection(SolutionProperties) = preSolution
		HideSolutionNode = FALSE
	EndGlobalSection
	GlobalSection(ExtensibilityGlobals) = postSolution
		SolutionGuid = {B562D92A-D3A2-4CC5-A582-AD701622D534}
	EndGlobalSection
EndGlobal
